
Microsoft Visual Studio Solution File, Format Version 12.00
# Visual Studio 15
VisualStudioVersion = 15.0.26430.14
MinimumVisualStudioVersion = 10.0.40219.1
Project("{FAE04EC0-301F-11D3-BF4B-00C04F79EFBC}") = "KDembeck.UcwaWebApiClientTest_Winform", "TestForm\KDembeck.UcwaWebApiClientTest_Winform.csproj", "{AC3B708A-F3FD-4FFC-9C7C-C85E24B19D78}"
EndProject
Project("{FAE04EC0-301F-11D3-BF4B-00C04F79EFBC}") = "KDembeck.ChatEngine", "KDembeck.ChatEngine\KDembeck.ChatEngine.csproj", "{6C4DE5B3-493E-4733-9148-76ECFAA3D212}"
EndProject
Project("{FAE04EC0-301F-11D3-BF4B-00C04F79EFBC}") = "KDembeck.UcwaWebApiClient", "KDembeck.UcwaWebApiClient\KDembeck.UcwaWebApiClient.csproj", "{EFBEC6DA-4AB3-4304-AE80-4EC0D8E9837C}"
EndProject
Project("{FAE04EC0-301F-11D3-BF4B-00C04F79EFBC}") = "KDembeck.EwsWebApiClient", "KDembeck.EwsWebApiClient\KDembeck.EwsWebApiClient.csproj", "{F52632FD-A51A-48E0-AB66-38CD3DCF8280}"
EndProject
Project("{FAE04EC0-301F-11D3-BF4B-00C04F79EFBC}") = "KDembeck.ChatEngineTest_WinForm", "KDembeck.ChatEngineTest_WinForm\KDembeck.ChatEngineTest_WinForm.csproj", "{541150C1-4AE5-42A5-9F37-A55A1D32AB09}"
EndProject
Project("{FAE04EC0-301F-11D3-BF4B-00C04F79EFBC}") = "KDembeck.ChatWcfClient", "KDembeck.ChatWcfClient\KDembeck.ChatWcfClient.csproj", "{AF0F17B1-8C96-4FF4-B486-F04FB1967E0B}"
EndProject
Project("{FAE04EC0-301F-11D3-BF4B-00C04F79EFBC}") = "KDembeck.ChatWcfServiceLibrary", "KDembeck.ChatWcfServiceLibrary\KDembeck.ChatWcfServiceLibrary.csproj", "{09D94AC5-FD8F-40D5-BF3B-58F933D87996}"
EndProject
Project("{FAE04EC0-301F-11D3-BF4B-00C04F79EFBC}") = "KDembeck.ChatWcfServiceHost", "KDembeck.ChatWcfServiceHost\KDembeck.ChatWcfServiceHost.csproj", "{31A9648A-103B-4C4F-85CE-463AD8CE2280}"
EndProject
Global
	GlobalSection(SolutionConfigurationPlatforms) = preSolution
		Debug|Any CPU = Debug|Any CPU
		Debug|ARM = Debug|ARM
		Debug|x64 = Debug|x64
		Debug|x86 = Debug|x86
		Release|Any CPU = Release|Any CPU
		Release|ARM = Release|ARM
		Release|x64 = Release|x64
		Release|x86 = Release|x86
	EndGlobalSection
	GlobalSection(ProjectConfigurationPlatforms) = postSolution
		{AC3B708A-F3FD-4FFC-9C7C-C85E24B19D78}.Debug|Any CPU.ActiveCfg = Debug|Any CPU
		{AC3B708A-F3FD-4FFC-9C7C-C85E24B19D78}.Debug|Any CPU.Build.0 = Debug|Any CPU
		{AC3B708A-F3FD-4FFC-9C7C-C85E24B19D78}.Debug|ARM.ActiveCfg = Debug|Any CPU
		{AC3B708A-F3FD-4FFC-9C7C-C85E24B19D78}.Debug|ARM.Build.0 = Debug|Any CPU
		{AC3B708A-F3FD-4FFC-9C7C-C85E24B19D78}.Debug|x64.ActiveCfg = Debug|Any CPU
		{AC3B708A-F3FD-4FFC-9C7C-C85E24B19D78}.Debug|x64.Build.0 = Debug|Any CPU
		{AC3B708A-F3FD-4FFC-9C7C-C85E24B19D78}.Debug|x86.ActiveCfg = Debug|Any CPU
		{AC3B708A-F3FD-4FFC-9C7C-C85E24B19D78}.Debug|x86.Build.0 = Debug|Any CPU
		{AC3B708A-F3FD-4FFC-9C7C-C85E24B19D78}.Release|Any CPU.ActiveCfg = Release|Any CPU
		{AC3B708A-F3FD-4FFC-9C7C-C85E24B19D78}.Release|Any CPU.Build.0 = Release|Any CPU
		{AC3B708A-F3FD-4FFC-9C7C-C85E24B19D78}.Release|ARM.ActiveCfg = Release|Any CPU
		{AC3B708A-F3FD-4FFC-9C7C-C85E24B19D78}.Release|ARM.Build.0 = Release|Any CPU
		{AC3B708A-F3FD-4FFC-9C7C-C85E24B19D78}.Release|x64.ActiveCfg = Release|Any CPU
		{AC3B708A-F3FD-4FFC-9C7C-C85E24B19D78}.Release|x64.Build.0 = Release|Any CPU
		{AC3B708A-F3FD-4FFC-9C7C-C85E24B19D78}.Release|x86.ActiveCfg = Release|Any CPU
		{AC3B708A-F3FD-4FFC-9C7C-C85E24B19D78}.Release|x86.Build.0 = Release|Any CPU
		{6C4DE5B3-493E-4733-9148-76ECFAA3D212}.Debug|Any CPU.ActiveCfg = Debug|Any CPU
		{6C4DE5B3-493E-4733-9148-76ECFAA3D212}.Debug|Any CPU.Build.0 = Debug|Any CPU
		{6C4DE5B3-493E-4733-9148-76ECFAA3D212}.Debug|ARM.ActiveCfg = Debug|Any CPU
		{6C4DE5B3-493E-4733-9148-76ECFAA3D212}.Debug|ARM.Build.0 = Debug|Any CPU
		{6C4DE5B3-493E-4733-9148-76ECFAA3D212}.Debug|x64.ActiveCfg = Debug|Any CPU
		{6C4DE5B3-493E-4733-9148-76ECFAA3D212}.Debug|x64.Build.0 = Debug|Any CPU
		{6C4DE5B3-493E-4733-9148-76ECFAA3D212}.Debug|x86.ActiveCfg = Debug|Any CPU
		{6C4DE5B3-493E-4733-9148-76ECFAA3D212}.Debug|x86.Build.0 = Debug|Any CPU
		{6C4DE5B3-493E-4733-9148-76ECFAA3D212}.Release|Any CPU.ActiveCfg = Release|Any CPU
		{6C4DE5B3-493E-4733-9148-76ECFAA3D212}.Release|Any CPU.Build.0 = Release|Any CPU
		{6C4DE5B3-493E-4733-9148-76ECFAA3D212}.Release|ARM.ActiveCfg = Release|Any CPU
		{6C4DE5B3-493E-4733-9148-76ECFAA3D212}.Release|ARM.Build.0 = Release|Any CPU
		{6C4DE5B3-493E-4733-9148-76ECFAA3D212}.Release|x64.ActiveCfg = Release|Any CPU
		{6C4DE5B3-493E-4733-9148-76ECFAA3D212}.Release|x64.Build.0 = Release|Any CPU
		{6C4DE5B3-493E-4733-9148-76ECFAA3D212}.Release|x86.ActiveCfg = Release|Any CPU
		{6C4DE5B3-493E-4733-9148-76ECFAA3D212}.Release|x86.Build.0 = Release|Any CPU
		{EFBEC6DA-4AB3-4304-AE80-4EC0D8E9837C}.Debug|Any CPU.ActiveCfg = Debug|Any CPU
		{EFBEC6DA-4AB3-4304-AE80-4EC0D8E9837C}.Debug|Any CPU.Build.0 = Debug|Any CPU
		{EFBEC6DA-4AB3-4304-AE80-4EC0D8E9837C}.Debug|ARM.ActiveCfg = Debug|Any CPU
		{EFBEC6DA-4AB3-4304-AE80-4EC0D8E9837C}.Debug|ARM.Build.0 = Debug|Any CPU
		{EFBEC6DA-4AB3-4304-AE80-4EC0D8E9837C}.Debug|x64.ActiveCfg = Debug|Any CPU
		{EFBEC6DA-4AB3-4304-AE80-4EC0D8E9837C}.Debug|x64.Build.0 = Debug|Any CPU
		{EFBEC6DA-4AB3-4304-AE80-4EC0D8E9837C}.Debug|x86.ActiveCfg = Debug|Any CPU
		{EFBEC6DA-4AB3-4304-AE80-4EC0D8E9837C}.Debug|x86.Build.0 = Debug|Any CPU
		{EFBEC6DA-4AB3-4304-AE80-4EC0D8E9837C}.Release|Any CPU.ActiveCfg = Release|Any CPU
		{EFBEC6DA-4AB3-4304-AE80-4EC0D8E9837C}.Release|Any CPU.Build.0 = Release|Any CPU
		{EFBEC6DA-4AB3-4304-AE80-4EC0D8E9837C}.Release|ARM.ActiveCfg = Release|Any CPU
		{EFBEC6DA-4AB3-4304-AE80-4EC0D8E9837C}.Release|ARM.Build.0 = Release|Any CPU
		{EFBEC6DA-4AB3-4304-AE80-4EC0D8E9837C}.Release|x64.ActiveCfg = Release|Any CPU
		{EFBEC6DA-4AB3-4304-AE80-4EC0D8E9837C}.Release|x64.Build.0 = Release|Any CPU
		{EFBEC6DA-4AB3-4304-AE80-4EC0D8E9837C}.Release|x86.ActiveCfg = Release|Any CPU
		{EFBEC6DA-4AB3-4304-AE80-4EC0D8E9837C}.Release|x86.Build.0 = Release|Any CPU
		{F52632FD-A51A-48E0-AB66-38CD3DCF8280}.Debug|Any CPU.ActiveCfg = Debug|Any CPU
		{F52632FD-A51A-48E0-AB66-38CD3DCF8280}.Debug|Any CPU.Build.0 = Debug|Any CPU
		{F52632FD-A51A-48E0-AB66-38CD3DCF8280}.Debug|ARM.ActiveCfg = Debug|Any CPU
		{F52632FD-A51A-48E0-AB66-38CD3DCF8280}.Debug|ARM.Build.0 = Debug|Any CPU
		{F52632FD-A51A-48E0-AB66-38CD3DCF8280}.Debug|x64.ActiveCfg = Debug|Any CPU
		{F52632FD-A51A-48E0-AB66-38CD3DCF8280}.Debug|x64.Build.0 = Debug|Any CPU
		{F52632FD-A51A-48E0-AB66-38CD3DCF8280}.Debug|x86.ActiveCfg = Debug|Any CPU
		{F52632FD-A51A-48E0-AB66-38CD3DCF8280}.Debug|x86.Build.0 = Debug|Any CPU
		{F52632FD-A51A-48E0-AB66-38CD3DCF8280}.Release|Any CPU.ActiveCfg = Release|Any CPU
		{F52632FD-A51A-48E0-AB66-38CD3DCF8280}.Release|Any CPU.Build.0 = Release|Any CPU
		{F52632FD-A51A-48E0-AB66-38CD3DCF8280}.Release|ARM.ActiveCfg = Release|Any CPU
		{F52632FD-A51A-48E0-AB66-38CD3DCF8280}.Release|ARM.Build.0 = Release|Any CPU
		{F52632FD-A51A-48E0-AB66-38CD3DCF8280}.Release|x64.ActiveCfg = Release|Any CPU
		{F52632FD-A51A-48E0-AB66-38CD3DCF8280}.Release|x64.Build.0 = Release|Any CPU
		{F52632FD-A51A-48E0-AB66-38CD3DCF8280}.Release|x86.ActiveCfg = Release|Any CPU
		{F52632FD-A51A-48E0-AB66-38CD3DCF8280}.Release|x86.Build.0 = Release|Any CPU
		{541150C1-4AE5-42A5-9F37-A55A1D32AB09}.Debug|Any CPU.ActiveCfg = Debug|Any CPU
		{541150C1-4AE5-42A5-9F37-A55A1D32AB09}.Debug|Any CPU.Build.0 = Debug|Any CPU
		{541150C1-4AE5-42A5-9F37-A55A1D32AB09}.Debug|ARM.ActiveCfg = Debug|Any CPU
		{541150C1-4AE5-42A5-9F37-A55A1D32AB09}.Debug|ARM.Build.0 = Debug|Any CPU
		{541150C1-4AE5-42A5-9F37-A55A1D32AB09}.Debug|x64.ActiveCfg = Debug|Any CPU
		{541150C1-4AE5-42A5-9F37-A55A1D32AB09}.Debug|x64.Build.0 = Debug|Any CPU
		{541150C1-4AE5-42A5-9F37-A55A1D32AB09}.Debug|x86.ActiveCfg = Debug|Any CPU
		{541150C1-4AE5-42A5-9F37-A55A1D32AB09}.Debug|x86.Build.0 = Debug|Any CPU
		{541150C1-4AE5-42A5-9F37-A55A1D32AB09}.Release|Any CPU.ActiveCfg = Release|Any CPU
		{541150C1-4AE5-42A5-9F37-A55A1D32AB09}.Release|Any CPU.Build.0 = Release|Any CPU
		{541150C1-4AE5-42A5-9F37-A55A1D32AB09}.Release|ARM.ActiveCfg = Release|Any CPU
		{541150C1-4AE5-42A5-9F37-A55A1D32AB09}.Release|ARM.Build.0 = Release|Any CPU
		{541150C1-4AE5-42A5-9F37-A55A1D32AB09}.Release|x64.ActiveCfg = Release|Any CPU
		{541150C1-4AE5-42A5-9F37-A55A1D32AB09}.Release|x64.Build.0 = Release|Any CPU
		{541150C1-4AE5-42A5-9F37-A55A1D32AB09}.Release|x86.ActiveCfg = Release|Any CPU
		{541150C1-4AE5-42A5-9F37-A55A1D32AB09}.Release|x86.Build.0 = Release|Any CPU
		{AF0F17B1-8C96-4FF4-B486-F04FB1967E0B}.Debug|Any CPU.ActiveCfg = Debug|Any CPU
		{AF0F17B1-8C96-4FF4-B486-F04FB1967E0B}.Debug|Any CPU.Build.0 = Debug|Any CPU
		{AF0F17B1-8C96-4FF4-B486-F04FB1967E0B}.Debug|ARM.ActiveCfg = Debug|Any CPU
		{AF0F17B1-8C96-4FF4-B486-F04FB1967E0B}.Debug|ARM.Build.0 = Debug|Any CPU
		{AF0F17B1-8C96-4FF4-B486-F04FB1967E0B}.Debug|x64.ActiveCfg = Debug|Any CPU
		{AF0F17B1-8C96-4FF4-B486-F04FB1967E0B}.Debug|x64.Build.0 = Debug|Any CPU
		{AF0F17B1-8C96-4FF4-B486-F04FB1967E0B}.Debug|x86.ActiveCfg = Debug|Any CPU
		{AF0F17B1-8C96-4FF4-B486-F04FB1967E0B}.Debug|x86.Build.0 = Debug|Any CPU
		{AF0F17B1-8C96-4FF4-B486-F04FB1967E0B}.Release|Any CPU.ActiveCfg = Release|Any CPU
		{AF0F17B1-8C96-4FF4-B486-F04FB1967E0B}.Release|Any CPU.Build.0 = Release|Any CPU
		{AF0F17B1-8C96-4FF4-B486-F04FB1967E0B}.Release|ARM.ActiveCfg = Release|Any CPU
		{AF0F17B1-8C96-4FF4-B486-F04FB1967E0B}.Release|ARM.Build.0 = Release|Any CPU
		{AF0F17B1-8C96-4FF4-B486-F04FB1967E0B}.Release|x64.ActiveCfg = Release|Any CPU
		{AF0F17B1-8C96-4FF4-B486-F04FB1967E0B}.Release|x64.Build.0 = Release|Any CPU
		{AF0F17B1-8C96-4FF4-B486-F04FB1967E0B}.Release|x86.ActiveCfg = Release|Any CPU
		{AF0F17B1-8C96-4FF4-B486-F04FB1967E0B}.Release|x86.Build.0 = Release|Any CPU
		{09D94AC5-FD8F-40D5-BF3B-58F933D87996}.Debug|Any CPU.ActiveCfg = Debug|Any CPU
		{09D94AC5-FD8F-40D5-BF3B-58F933D87996}.Debug|Any CPU.Build.0 = Debug|Any CPU
		{09D94AC5-FD8F-40D5-BF3B-58F933D87996}.Debug|ARM.ActiveCfg = Debug|Any CPU
		{09D94AC5-FD8F-40D5-BF3B-58F933D87996}.Debug|ARM.Build.0 = Debug|Any CPU
		{09D94AC5-FD8F-40D5-BF3B-58F933D87996}.Debug|x64.ActiveCfg = Debug|Any CPU
		{09D94AC5-FD8F-40D5-BF3B-58F933D87996}.Debug|x64.Build.0 = Debug|Any CPU
		{09D94AC5-FD8F-40D5-BF3B-58F933D87996}.Debug|x86.ActiveCfg = Debug|Any CPU
		{09D94AC5-FD8F-40D5-BF3B-58F933D87996}.Debug|x86.Build.0 = Debug|Any CPU
		{09D94AC5-FD8F-40D5-BF3B-58F933D87996}.Release|Any CPU.ActiveCfg = Release|Any CPU
		{09D94AC5-FD8F-40D5-BF3B-58F933D87996}.Release|Any CPU.Build.0 = Release|Any CPU
		{09D94AC5-FD8F-40D5-BF3B-58F933D87996}.Release|ARM.ActiveCfg = Release|Any CPU
		{09D94AC5-FD8F-40D5-BF3B-58F933D87996}.Release|ARM.Build.0 = Release|Any CPU
		{09D94AC5-FD8F-40D5-BF3B-58F933D87996}.Release|x64.ActiveCfg = Release|Any CPU
		{09D94AC5-FD8F-40D5-BF3B-58F933D87996}.Release|x64.Build.0 = Release|Any CPU
		{09D94AC5-FD8F-40D5-BF3B-58F933D87996}.Release|x86.ActiveCfg = Release|Any CPU
		{09D94AC5-FD8F-40D5-BF3B-58F933D87996}.Release|x86.Build.0 = Release|Any CPU
		{31A9648A-103B-4C4F-85CE-463AD8CE2280}.Debug|Any CPU.ActiveCfg = Debug|Any CPU
		{31A9648A-103B-4C4F-85CE-463AD8CE2280}.Debug|Any CPU.Build.0 = Debug|Any CPU
		{31A9648A-103B-4C4F-85CE-463AD8CE2280}.Debug|ARM.ActiveCfg = Debug|Any CPU
		{31A9648A-103B-4C4F-85CE-463AD8CE2280}.Debug|ARM.Build.0 = Debug|Any CPU
		{31A9648A-103B-4C4F-85CE-463AD8CE2280}.Debug|x64.ActiveCfg = Debug|Any CPU
		{31A9648A-103B-4C4F-85CE-463AD8CE2280}.Debug|x64.Build.0 = Debug|Any CPU
		{31A9648A-103B-4C4F-85CE-463AD8CE2280}.Debug|x86.ActiveCfg = Debug|Any CPU
		{31A9648A-103B-4C4F-85CE-463AD8CE2280}.Debug|x86.Build.0 = Debug|Any CPU
		{31A9648A-103B-4C4F-85CE-463AD8CE2280}.Release|Any CPU.ActiveCfg = Release|Any CPU
		{31A9648A-103B-4C4F-85CE-463AD8CE2280}.Release|Any CPU.Build.0 = Release|Any CPU
		{31A9648A-103B-4C4F-85CE-463AD8CE2280}.Release|ARM.ActiveCfg = Release|Any CPU
		{31A9648A-103B-4C4F-85CE-463AD8CE2280}.Release|ARM.Build.0 = Release|Any CPU
		{31A9648A-103B-4C4F-85CE-463AD8CE2280}.Release|x64.ActiveCfg = Release|Any CPU
		{31A9648A-103B-4C4F-85CE-463AD8CE2280}.Release|x64.Build.0 = Release|Any CPU
		{31A9648A-103B-4C4F-85CE-463AD8CE2280}.Release|x86.ActiveCfg = Release|Any CPU
		{31A9648A-103B-4C4F-85CE-463AD8CE2280}.Release|x86.Build.0 = Release|Any CPU
	EndGlobalSection
	GlobalSection(SolutionProperties) = preSolution
		HideSolutionNode = FALSE
	EndGlobalSection
EndGlobal
